Microsoft Visual Studio Solution File, Format Version 12.00
# Visual Studio Version 17
VisualStudioVersion = 17.0.31903.59
MinimumVisualStudioVersion = 10.0.40219.1

Project("{2150E333-8FDC-42A3-9474-1A3956D46DE8}") = "src", "src", "{8F3B9E2A-1C4D-4F5B-9E3A-1D5C6E7F8A9B}"
EndProject

Project("{2150E333-8FDC-42A3-9474-1A3956D46DE8}") = "Services", "Services", "{9F4C0E3B-2D5E-4G6C-0F4B-2E6D7F8G9C0D}"
EndProject

Project("{2150E333-8FDC-42A3-9474-1A3956D46DE8}") = "Gateway", "Gateway", "{AF5D1F4C-3E6F-5H7D-1G5C-3F7E8G9H0D1E}"
EndProject

Project("{2150E333-8FDC-42A3-9474-1A3956D46DE8}") = "Shared", "Shared", "{BF6E2G5D-4F7G-6I8E-2H6D-4G8F9H0I1E2F}"
EndProject

Project("{FAE04EC0-301F-11D3-BF4B-00C04F79EFBC}") = "Dressed.Shared", "src\Shared\Dressed.Shared\Dressed.Shared.csproj", "{CF7F3H6E-5G8H-7J9F-3I7E-5H9G0I1J2F3G}"
EndProject

Project("{FAE04EC0-301F-11D3-BF4B-00C04F79EFBC}") = "Auth.Service", "src\Services\Auth.Service\Auth.Service.csproj", "{DG8G4I7F-6H9I-8K0G-4J8F-6I0H1J2K3G4H}"
EndProject

Project("{FAE04EC0-301F-11D3-BF4B-00C04F79EFBC}") = "Design.Service", "src\Services\Design.Service\Design.Service.csproj", "{EH9H5J8G-7I0J-9L1H-5K9G-7J1I2K3L4H5I}"
EndProject

Project("{FAE04EC0-301F-11D3-BF4B-00C04F79EFBC}") = "Quote.Service", "src\Services\Quote.Service\Quote.Service.csproj", "{FI0I6K9H-8J1K-0M2I-6L0H-8K2J3L4M5I6J}"
EndProject

Project("{FAE04EC0-301F-11D3-BF4B-00C04F79EFBC}") = "ApiGateway", "src\Gateway\ApiGateway\ApiGateway.csproj", "{GJ1J7L0I-9K2L-1N3J-7M1I-9L3K4M5N6J7K}"
EndProject

Global
	GlobalSection(SolutionConfigurationPlatforms) = preSolution
		Debug|Any CPU = Debug|Any CPU
		Release|Any CPU = Release|Any CPU
	EndGlobalSection
	GlobalSection(ProjectConfigurationPlatforms) = postSolution
		{CF7F3H6E-5G8H-7J9F-3I7E-5H9G0I1J2F3G}.Debug|Any CPU.ActiveCfg = Debug|Any CPU
		{CF7F3H6E-5G8H-7J9F-3I7E-5H9G0I1J2F3G}.Debug|Any CPU.Build.0 = Debug|Any CPU
		{CF7F3H6E-5G8H-7J9F-3I7E-5H9G0I1J2F3G}.Release|Any CPU.ActiveCfg = Release|Any CPU
		{CF7F3H6E-5G8H-7J9F-3I7E-5H9G0I1J2F3G}.Release|Any CPU.Build.0 = Release|Any CPU
		{DG8G4I7F-6H9I-8K0G-4J8F-6I0H1J2K3G4H}.Debug|Any CPU.ActiveCfg = Debug|Any CPU
		{DG8G4I7F-6H9I-8K0G-4J8F-6I0H1J2K3G4H}.Debug|Any CPU.Build.0 = Debug|Any CPU
		{DG8G4I7F-6H9I-8K0G-4J8F-6I0H1J2K3G4H}.Release|Any CPU.ActiveCfg = Release|Any CPU
		{DG8G4I7F-6H9I-8K0G-4J8F-6I0H1J2K3G4H}.Release|Any CPU.Build.0 = Release|Any CPU
		{EH9H5J8G-7I0J-9L1H-5K9G-7J1I2K3L4H5I}.Debug|Any CPU.ActiveCfg = Debug|Any CPU
		{EH9H5J8G-7I0J-9L1H-5K9G-7J1I2K3L4H5I}.Debug|Any CPU.Build.0 = Debug|Any CPU
		{EH9H5J8G-7I0J-9L1H-5K9G-7J1I2K3L4H5I}.Release|Any CPU.ActiveCfg = Release|Any CPU
		{EH9H5J8G-7I0J-9L1H-5K9G-7J1I2K3L4H5I}.Release|Any CPU.Build.0 = Release|Any CPU
		{FI0I6K9H-8J1K-0M2I-6L0H-8K2J3L4M5I6J}.Debug|Any CPU.ActiveCfg = Debug|Any CPU
		{FI0I6K9H-8J1K-0M2I-6L0H-8K2J3L4M5I6J}.Debug|Any CPU.Build.0 = Debug|Any CPU
		{FI0I6K9H-8J1K-0M2I-6L0H-8K2J3L4M5I6J}.Release|Any CPU.ActiveCfg = Release|Any CPU
		{FI0I6K9H-8J1K-0M2I-6L0H-8K2J3L4M5I6J}.Release|Any CPU.Build.0 = Release|Any CPU
		{GJ1J7L0I-9K2L-1N3J-7M1I-9L3K4M5N6J7K}.Debug|Any CPU.ActiveCfg = Debug|Any CPU
		{GJ1J7L0I-9K2L-1N3J-7M1I-9L3K4M5N6J7K}.Debug|Any CPU.Build.0 = Debug|Any CPU
		{GJ1J7L0I-9K2L-1N3J-7M1I-9L3K4M5N6J7K}.Release|Any CPU.ActiveCfg = Release|Any CPU
		{GJ1J7L0I-9K2L-1N3J-7M1I-9L3K4M5N6J7K}.Release|Any CPU.Build.0 = Release|Any CPU
	EndGlobalSection
	GlobalSection(NestedProjects) = preSolution
		{9F4C0E3B-2D5E-4G6C-0F4B-2E6D7F8G9C0D} = {8F3B9E2A-1C4D-4F5B-9E3A-1D5C6E7F8A9B}
		{AF5D1F4C-3E6F-5H7D-1G5C-3F7E8G9H0D1E} = {8F3B9E2A-1C4D-4F5B-9E3A-1D5C6E7F8A9B}
		{BF6E2G5D-4F7G-6I8E-2H6D-4G8F9H0I1E2F} = {8F3B9E2A-1C4D-4F5B-9E3A-1D5C6E7F8A9B}
		{CF7F3H6E-5G8H-7J9F-3I7E-5H9G0I1J2F3G} = {BF6E2G5D-4F7G-6I8E-2H6D-4G8F9H0I1E2F}
		{DG8G4I7F-6H9I-8K0G-4J8F-6I0H1J2K3G4H} = {9F4C0E3B-2D5E-4G6C-0F4B-2E6D7F8G9C0D}
		{EH9H5J8G-7I0J-9L1H-5K9G-7J1I2K3L4H5I} = {9F4C0E3B-2D5E-4G6C-0F4B-2E6D7F8G9C0D}
		{FI0I6K9H-8J1K-0M2I-6L0H-8K2J3L4M5I6J} = {9F4C0E3B-2D5E-4G6C-0F4B-2E6D7F8G9C0D}
		{GJ1J7L0I-9K2L-1N3J-7M1I-9L3K4M5N6J7K} = {AF5D1F4C-3E6F-5H7D-1G5C-3F7E8G9H0D1E}
	EndGlobalSection
EndGlobal
